
Microsoft Visual Studio Solution File, Format Version 12.00
# Visual Studio 14
VisualStudioVersion = 14.0.25420.1
MinimumVisualStudioVersion = 10.0.40219.1
Project("{FAE04EC0-301F-11D3-BF4B-00C04F79EFBC}") = "Giftgrouping", "Giftgrouping\Giftgrouping.csproj", "{5BFDEE6A-5A72-4BE9-94E5-8EEC4E96655C}"
EndProject
Project("{FAE04EC0-301F-11D3-BF4B-00C04F79EFBC}") = "Heavy", "Heavy\Heavy.csproj", "{211BD6B7-5FD7-48C7-B52F-DB7EF855E626}"
EndProject
Project("{2150E333-8FDC-42A3-9474-1A3956D46DE8}") = "Azure", "Azure", "{59581A56-C23C-4E0C-BABD-FEA03DAA22BD}"
EndProject
Project("{FAE04EC0-301F-11D3-BF4B-00C04F79EFBC}") = "AzureConnection", "AzureConnection\AzureConnection.csproj", "{36A8BD47-0F5E-4C69-943D-D4C7B20398CD}"
EndProject
Project("{FAE04EC0-301F-11D3-BF4B-00C04F79EFBC}") = "JobApp", "JobApp\JobApp.csproj", "{B2975C17-ADD7-4DB3-A9F0-6B1064E5C4E7}"
EndProject
Project("{FAE04EC0-301F-11D3-BF4B-00C04F79EFBC}") = "Common", "Common\Common.csproj", "{BA8945C2-8B4A-47E0-BFEC-A9A45870D996}"
EndProject
Project("{FAE04EC0-301F-11D3-BF4B-00C04F79EFBC}") = "Tests", "Tests\Tests.csproj", "{86359EA6-7EA4-4051-B7F5-3B7B7EDD81CE}"
EndProject
Project("{FAE04EC0-301F-11D3-BF4B-00C04F79EFBC}") = "MetaHeuristics", "MetaHeuristics\MetaHeuristics.csproj", "{4EDE61E2-E1EA-49A1-AF7C-E1011E7357DD}"
EndProject
Project("{2150E333-8FDC-42A3-9474-1A3956D46DE8}") = "ConsoleApps", "ConsoleApps", "{86655E48-09A6-46AF-8780-2971D370378C}"
EndProject
Project("{FAE04EC0-301F-11D3-BF4B-00C04F79EFBC}") = "SingleGreedyInsertion", "SingleGreedyInsertion\SingleGreedyInsertion.csproj", "{327A6B79-BE8F-47B4-9CA1-B92E1FAACFC0}"
EndProject
Project("{FAE04EC0-301F-11D3-BF4B-00C04F79EFBC}") = "FirstSolution", "FirstSolution\FirstSolution.csproj", "{75DCE30B-FA4C-4F3F-A914-4AEBDCE2603E}"
EndProject
Project("{FAE04EC0-301F-11D3-BF4B-00C04F79EFBC}") = "SimulatedAnnealingConsole", "SimulatedAnnealingConsole\SimulatedAnnealingConsole.csproj", "{7A59C412-F36C-47CD-B797-1D1709EFC6DB}"
EndProject
Project("{FAE04EC0-301F-11D3-BF4B-00C04F79EFBC}") = "SummarizeTours", "SummarizeTours\SummarizeTours.csproj", "{AC3A2C5A-82B2-4711-88F9-7664C45C3544}"
EndProject
Global
	GlobalSection(SolutionConfigurationPlatforms) = preSolution
		Debug|Any CPU = Debug|Any CPU
		Release|Any CPU = Release|Any CPU
	EndGlobalSection
	GlobalSection(ProjectConfigurationPlatforms) = postSolution
		{5BFDEE6A-5A72-4BE9-94E5-8EEC4E96655C}.Debug|Any CPU.ActiveCfg = Debug|Any CPU
		{5BFDEE6A-5A72-4BE9-94E5-8EEC4E96655C}.Debug|Any CPU.Build.0 = Debug|Any CPU
		{5BFDEE6A-5A72-4BE9-94E5-8EEC4E96655C}.Release|Any CPU.ActiveCfg = Release|Any CPU
		{5BFDEE6A-5A72-4BE9-94E5-8EEC4E96655C}.Release|Any CPU.Build.0 = Release|Any CPU
		{211BD6B7-5FD7-48C7-B52F-DB7EF855E626}.Debug|Any CPU.ActiveCfg = Debug|Any CPU
		{211BD6B7-5FD7-48C7-B52F-DB7EF855E626}.Debug|Any CPU.Build.0 = Debug|Any CPU
		{211BD6B7-5FD7-48C7-B52F-DB7EF855E626}.Release|Any CPU.ActiveCfg = Release|Any CPU
		{211BD6B7-5FD7-48C7-B52F-DB7EF855E626}.Release|Any CPU.Build.0 = Release|Any CPU
		{36A8BD47-0F5E-4C69-943D-D4C7B20398CD}.Debug|Any CPU.ActiveCfg = Debug|Any CPU
		{36A8BD47-0F5E-4C69-943D-D4C7B20398CD}.Debug|Any CPU.Build.0 = Debug|Any CPU
		{36A8BD47-0F5E-4C69-943D-D4C7B20398CD}.Release|Any CPU.ActiveCfg = Release|Any CPU
		{36A8BD47-0F5E-4C69-943D-D4C7B20398CD}.Release|Any CPU.Build.0 = Release|Any CPU
		{B2975C17-ADD7-4DB3-A9F0-6B1064E5C4E7}.Debug|Any CPU.ActiveCfg = Debug|Any CPU
		{B2975C17-ADD7-4DB3-A9F0-6B1064E5C4E7}.Debug|Any CPU.Build.0 = Debug|Any CPU
		{B2975C17-ADD7-4DB3-A9F0-6B1064E5C4E7}.Release|Any CPU.ActiveCfg = Release|Any CPU
		{B2975C17-ADD7-4DB3-A9F0-6B1064E5C4E7}.Release|Any CPU.Build.0 = Release|Any CPU
		{BA8945C2-8B4A-47E0-BFEC-A9A45870D996}.Debug|Any CPU.ActiveCfg = Debug|Any CPU
		{BA8945C2-8B4A-47E0-BFEC-A9A45870D996}.Debug|Any CPU.Build.0 = Debug|Any CPU
		{BA8945C2-8B4A-47E0-BFEC-A9A45870D996}.Release|Any CPU.ActiveCfg = Release|Any CPU
		{BA8945C2-8B4A-47E0-BFEC-A9A45870D996}.Release|Any CPU.Build.0 = Release|Any CPU
		{86359EA6-7EA4-4051-B7F5-3B7B7EDD81CE}.Debug|Any CPU.ActiveCfg = Debug|Any CPU
		{86359EA6-7EA4-4051-B7F5-3B7B7EDD81CE}.Debug|Any CPU.Build.0 = Debug|Any CPU
		{86359EA6-7EA4-4051-B7F5-3B7B7EDD81CE}.Release|Any CPU.ActiveCfg = Release|Any CPU
		{86359EA6-7EA4-4051-B7F5-3B7B7EDD81CE}.Release|Any CPU.Build.0 = Release|Any CPU
		{4EDE61E2-E1EA-49A1-AF7C-E1011E7357DD}.Debug|Any CPU.ActiveCfg = Debug|Any CPU
		{4EDE61E2-E1EA-49A1-AF7C-E1011E7357DD}.Debug|Any CPU.Build.0 = Debug|Any CPU
		{4EDE61E2-E1EA-49A1-AF7C-E1011E7357DD}.Release|Any CPU.ActiveCfg = Release|Any CPU
		{4EDE61E2-E1EA-49A1-AF7C-E1011E7357DD}.Release|Any CPU.Build.0 = Release|Any CPU
		{327A6B79-BE8F-47B4-9CA1-B92E1FAACFC0}.Debug|Any CPU.ActiveCfg = Debug|Any CPU
		{327A6B79-BE8F-47B4-9CA1-B92E1FAACFC0}.Debug|Any CPU.Build.0 = Debug|Any CPU
		{327A6B79-BE8F-47B4-9CA1-B92E1FAACFC0}.Release|Any CPU.ActiveCfg = Release|Any CPU
		{327A6B79-BE8F-47B4-9CA1-B92E1FAACFC0}.Release|Any CPU.Build.0 = Release|Any CPU
		{75DCE30B-FA4C-4F3F-A914-4AEBDCE2603E}.Debug|Any CPU.ActiveCfg = Debug|Any CPU
		{75DCE30B-FA4C-4F3F-A914-4AEBDCE2603E}.Debug|Any CPU.Build.0 = Debug|Any CPU
		{75DCE30B-FA4C-4F3F-A914-4AEBDCE2603E}.Release|Any CPU.ActiveCfg = Release|Any CPU
		{75DCE30B-FA4C-4F3F-A914-4AEBDCE2603E}.Release|Any CPU.Build.0 = Release|Any CPU
		{7A59C412-F36C-47CD-B797-1D1709EFC6DB}.Debug|Any CPU.ActiveCfg = Debug|Any CPU
		{7A59C412-F36C-47CD-B797-1D1709EFC6DB}.Debug|Any CPU.Build.0 = Debug|Any CPU
		{7A59C412-F36C-47CD-B797-1D1709EFC6DB}.Release|Any CPU.ActiveCfg = Release|Any CPU
		{7A59C412-F36C-47CD-B797-1D1709EFC6DB}.Release|Any CPU.Build.0 = Release|Any CPU
		{AC3A2C5A-82B2-4711-88F9-7664C45C3544}.Debug|Any CPU.ActiveCfg = Debug|Any CPU
		{AC3A2C5A-82B2-4711-88F9-7664C45C3544}.Debug|Any CPU.Build.0 = Debug|Any CPU
		{AC3A2C5A-82B2-4711-88F9-7664C45C3544}.Release|Any CPU.ActiveCfg = Release|Any CPU
		{AC3A2C5A-82B2-4711-88F9-7664C45C3544}.Release|Any CPU.Build.0 = Release|Any CPU
	EndGlobalSection
	GlobalSection(SolutionProperties) = preSolution
		HideSolutionNode = FALSE
	EndGlobalSection
	GlobalSection(NestedProjects) = preSolution
		{36A8BD47-0F5E-4C69-943D-D4C7B20398CD} = {59581A56-C23C-4E0C-BABD-FEA03DAA22BD}
		{B2975C17-ADD7-4DB3-A9F0-6B1064E5C4E7} = {59581A56-C23C-4E0C-BABD-FEA03DAA22BD}
		{86655E48-09A6-46AF-8780-2971D370378C} = {59581A56-C23C-4E0C-BABD-FEA03DAA22BD}
		{327A6B79-BE8F-47B4-9CA1-B92E1FAACFC0} = {86655E48-09A6-46AF-8780-2971D370378C}
		{7A59C412-F36C-47CD-B797-1D1709EFC6DB} = {86655E48-09A6-46AF-8780-2971D370378C}
		{AC3A2C5A-82B2-4711-88F9-7664C45C3544} = {86655E48-09A6-46AF-8780-2971D370378C}
	EndGlobalSection
EndGlobal
